
Microsoft Visual Studio Solution File, Format Version 11.00
# Visual Studio 2010
Project("{FAE04EC0-301F-11D3-BF4B-00C04F79EFBC}") = "MSMQ", "MSMQ.csproj", "{082F7E8D-8D67-4A08-9747-A409113E9BFC}"
EndProject
Global
	GlobalSection(SolutionConfigurationPlatforms) = preSolution
		Debug|x86 = Debug|x86
		Release|x86 = Release|x86
	EndGlobalSection
	GlobalSection(ProjectConfigurationPlatforms) = postSolution
		{082F7E8D-8D67-4A08-9747-A409113E9BFC}.Debug|x86.ActiveCfg = Debug|x86
		{082F7E8D-8D67-4A08-9747-A409113E9BFC}.Debug|x86.Build.0 = Debug|x86
		{082F7E8D-8D67-4A08-9747-A409113E9BFC}.Release|x86.ActiveCfg = Release|x86
		{082F7E8D-8D67-4A08-9747-A409113E9BFC}.Release|x86.Build.0 = Release|x86
	EndGlobalSection
	GlobalSection(SolutionProperties) = preSolution
		HideSolutionNode = FALSE
	EndGlobalSection
EndGlobal
